
Microsoft Visual Studio Solution File, Format Version 12.00
# Visual Studio Version 16
VisualStudioVersion = 16.0.30320.27
MinimumVisualStudioVersion = 10.0.40219.1
Project("{FAE04EC0-301F-11D3-BF4B-00C04F79EFBC}") = "Dotnet31ConsoleApp", "Dotnet31ConsoleApp\Dotnet31ConsoleApp.csproj", "{A791E57B-1D52-4F0B-B1F3-0864648C60F5}"
EndProject
Project("{FAE04EC0-301F-11D3-BF4B-00C04F79EFBC}") = "DotnetstandardLibrary", "DotnetstandardLibrary\DotnetstandardLibrary.csproj", "{2234BD3A-A222-4B56-8CCD-54496A9FD453}"
EndProject
Global
	GlobalSection(SolutionConfigurationPlatforms) = preSolution
		Debug|Any CPU = Debug|Any CPU
		Release|Any CPU = Release|Any CPU
	EndGlobalSection
	GlobalSection(ProjectConfigurationPlatforms) = postSolution
		{A791E57B-1D52-4F0B-B1F3-0864648C60F5}.Debug|Any CPU.ActiveCfg = Debug|Any CPU
		{A791E57B-1D52-4F0B-B1F3-0864648C60F5}.Debug|Any CPU.Build.0 = Debug|Any CPU
		{A791E57B-1D52-4F0B-B1F3-0864648C60F5}.Release|Any CPU.ActiveCfg = Release|Any CPU
		{A791E57B-1D52-4F0B-B1F3-0864648C60F5}.Release|Any CPU.Build.0 = Release|Any CPU
		{2234BD3A-A222-4B56-8CCD-54496A9FD453}.Debug|Any CPU.ActiveCfg = Debug|Any CPU
		{2234BD3A-A222-4B56-8CCD-54496A9FD453}.Debug|Any CPU.Build.0 = Debug|Any CPU
		{2234BD3A-A222-4B56-8CCD-54496A9FD453}.Release|Any CPU.ActiveCfg = Release|Any CPU
		{2234BD3A-A222-4B56-8CCD-54496A9FD453}.Release|Any CPU.Build.0 = Release|Any CPU
	EndGlobalSection
	GlobalSection(SolutionProperties) = preSolution
		HideSolutionNode = FALSE
	EndGlobalSection
	GlobalSection(ExtensibilityGlobals) = postSolution
		SolutionGuid = {97EF5068-A2A7-4978-8C1E-10B294F46C32}
	EndGlobalSection
EndGlobal
